
Microsoft Visual Studio Solution File, Format Version 12.00
# Visual Studio Version 16
VisualStudioVersion = 16.0.31402.337
MinimumVisualStudioVersion = 10.0.40219.1
Project("{FAE04EC0-301F-11D3-BF4B-00C04F79EFBC}") = "Sparky", "Sparky\Sparky.csproj", "{BA030C6B-F143-4097-81EF-31582B416B9E}"
EndProject
Project("{FAE04EC0-301F-11D3-BF4B-00C04F79EFBC}") = "SparkyMSTest", "SparkyMSTest\SparkyMSTest.csproj", "{F68B647E-EB85-4628-9AC2-57268D345CF5}"
EndProject
Project("{FAE04EC0-301F-11D3-BF4B-00C04F79EFBC}") = "SparkyNUnitTest", "SparkyNUnitTest\SparkyNUnitTest.csproj", "{8018E5FF-24D5-4F53-969F-AF76E176A8AD}"
EndProject
Global
	GlobalSection(SolutionConfigurationPlatforms) = preSolution
		Debug|Any CPU = Debug|Any CPU
		Release|Any CPU = Release|Any CPU
	EndGlobalSection
	GlobalSection(ProjectConfigurationPlatforms) = postSolution
		{BA030C6B-F143-4097-81EF-31582B416B9E}.Debug|Any CPU.ActiveCfg = Debug|Any CPU
		{BA030C6B-F143-4097-81EF-31582B416B9E}.Debug|Any CPU.Build.0 = Debug|Any CPU
		{BA030C6B-F143-4097-81EF-31582B416B9E}.Release|Any CPU.ActiveCfg = Release|Any CPU
		{BA030C6B-F143-4097-81EF-31582B416B9E}.Release|Any CPU.Build.0 = Release|Any CPU
		{F68B647E-EB85-4628-9AC2-57268D345CF5}.Debug|Any CPU.ActiveCfg = Debug|Any CPU
		{F68B647E-EB85-4628-9AC2-57268D345CF5}.Debug|Any CPU.Build.0 = Debug|Any CPU
		{F68B647E-EB85-4628-9AC2-57268D345CF5}.Release|Any CPU.ActiveCfg = Release|Any CPU
		{F68B647E-EB85-4628-9AC2-57268D345CF5}.Release|Any CPU.Build.0 = Release|Any CPU
		{8018E5FF-24D5-4F53-969F-AF76E176A8AD}.Debug|Any CPU.ActiveCfg = Debug|Any CPU
		{8018E5FF-24D5-4F53-969F-AF76E176A8AD}.Debug|Any CPU.Build.0 = Debug|Any CPU
		{8018E5FF-24D5-4F53-969F-AF76E176A8AD}.Release|Any CPU.ActiveCfg = Release|Any CPU
		{8018E5FF-24D5-4F53-969F-AF76E176A8AD}.Release|Any CPU.Build.0 = Release|Any CPU
	EndGlobalSection
	GlobalSection(SolutionProperties) = preSolution
		HideSolutionNode = FALSE
	EndGlobalSection
	GlobalSection(ExtensibilityGlobals) = postSolution
		SolutionGuid = {837641F5-73D2-4060-9803-8FF89F29B67F}
	EndGlobalSection
EndGlobal
